
Microsoft Visual Studio Solution File, Format Version 12.00
# Visual Studio Version 17
VisualStudioVersion = 17.3.32929.385
MinimumVisualStudioVersion = 10.0.40219.1
Project("{FAE04EC0-301F-11D3-BF4B-00C04F79EFBC}") = "SF2649_ExceptionHandling", "SF2649_ExceptionHandling\SF2649_ExceptionHandling.csproj", "{53651058-0315-461F-BB15-96E282758E1C}"
EndProject
Global
	GlobalSection(SolutionConfigurationPlatforms) = preSolution
		Debug|Any CPU = Debug|Any CPU
		Release|Any CPU = Release|Any CPU
	EndGlobalSection
	GlobalSection(ProjectConfigurationPlatforms) = postSolution
		{53651058-0315-461F-BB15-96E282758E1C}.Debug|Any CPU.ActiveCfg = Debug|Any CPU
		{53651058-0315-461F-BB15-96E282758E1C}.Debug|Any CPU.Build.0 = Debug|Any CPU
		{53651058-0315-461F-BB15-96E282758E1C}.Release|Any CPU.ActiveCfg = Release|Any CPU
		{53651058-0315-461F-BB15-96E282758E1C}.Release|Any CPU.Build.0 = Release|Any CPU
	EndGlobalSection
	GlobalSection(SolutionProperties) = preSolution
		HideSolutionNode = FALSE
	EndGlobalSection
	GlobalSection(ExtensibilityGlobals) = postSolution
		SolutionGuid = {511FD93B-06F3-4F30-B66B-723C1F91FCBF}
	EndGlobalSection
EndGlobal
